
Microsoft Visual Studio Solution File, Format Version 12.00
# Visual Studio Version 17
VisualStudioVersion = 17.5.002.0
MinimumVisualStudioVersion = 10.0.40219.1
Project("{9A19103F-16F7-4668-BE54-9A1E7A4F7556}") = "DefToIdc", "DefToIdc.csproj", "{CBBD3A74-54FC-4EED-A355-A3FE337F0574}"
EndProject
Global
	GlobalSection(SolutionConfigurationPlatforms) = preSolution
		Debug|Any CPU = Debug|Any CPU
		Release|Any CPU = Release|Any CPU
	EndGlobalSection
	GlobalSection(ProjectConfigurationPlatforms) = postSolution
		{CBBD3A74-54FC-4EED-A355-A3FE337F0574}.Debug|Any CPU.ActiveCfg = Debug|Any CPU
		{CBBD3A74-54FC-4EED-A355-A3FE337F0574}.Debug|Any CPU.Build.0 = Debug|Any CPU
		{CBBD3A74-54FC-4EED-A355-A3FE337F0574}.Release|Any CPU.ActiveCfg = Release|Any CPU
		{CBBD3A74-54FC-4EED-A355-A3FE337F0574}.Release|Any CPU.Build.0 = Release|Any CPU
	EndGlobalSection
	GlobalSection(SolutionProperties) = preSolution
		HideSolutionNode = FALSE
	EndGlobalSection
	GlobalSection(ExtensibilityGlobals) = postSolution
		SolutionGuid = {8EB51700-5916-45F7-A0FE-1FF6F8E836A9}
	EndGlobalSection
EndGlobal
